
Microsoft Visual Studio Solution File, Format Version 12.00
# Visual Studio Version 16
VisualStudioVersion = 16.0.30804.86
MinimumVisualStudioVersion = 10.0.40219.1
Project("{F2A71F9B-5D33-465A-A702-920D77279786}") = "Bruxelles1897", "Bruxelles1897\Bruxelles1897.fsproj", "{47C31BB2-3866-4670-B450-3F3D26319DED}"
EndProject
Global
	GlobalSection(SolutionConfigurationPlatforms) = preSolution
		Debug|Any CPU = Debug|Any CPU
		Release|Any CPU = Release|Any CPU
	EndGlobalSection
	GlobalSection(ProjectConfigurationPlatforms) = postSolution
		{47C31BB2-3866-4670-B450-3F3D26319DED}.Debug|Any CPU.ActiveCfg = Debug|Any CPU
		{47C31BB2-3866-4670-B450-3F3D26319DED}.Debug|Any CPU.Build.0 = Debug|Any CPU
		{47C31BB2-3866-4670-B450-3F3D26319DED}.Release|Any CPU.ActiveCfg = Release|Any CPU
		{47C31BB2-3866-4670-B450-3F3D26319DED}.Release|Any CPU.Build.0 = Release|Any CPU
	EndGlobalSection
	GlobalSection(SolutionProperties) = preSolution
		HideSolutionNode = FALSE
	EndGlobalSection
	GlobalSection(ExtensibilityGlobals) = postSolution
		SolutionGuid = {1BE5F692-A986-44E8-9ACA-E0846B430E66}
	EndGlobalSection
EndGlobal
